
Microsoft Visual Studio Solution File, Format Version 12.00
# Visual Studio Version 17
VisualStudioVersion = 17.9.34607.119
MinimumVisualStudioVersion = 10.0.40219.1
Project("{FAE04EC0-301F-11D3-BF4B-00C04F79EFBC}") = "StellerAcunMedyaAkademiPortfolio", "StellerAcunMedyaAkademiPortfolio\StellerAcunMedyaAkademiPortfolio.csproj", "{962B277B-AD14-4A48-B6F7-9882DC29B80B}"
EndProject
Global
	GlobalSection(SolutionConfigurationPlatforms) = preSolution
		Debug|Any CPU = Debug|Any CPU
		Release|Any CPU = Release|Any CPU
	EndGlobalSection
	GlobalSection(ProjectConfigurationPlatforms) = postSolution
		{962B277B-AD14-4A48-B6F7-9882DC29B80B}.Debug|Any CPU.ActiveCfg = Debug|Any CPU
		{962B277B-AD14-4A48-B6F7-9882DC29B80B}.Debug|Any CPU.Build.0 = Debug|Any CPU
		{962B277B-AD14-4A48-B6F7-9882DC29B80B}.Release|Any CPU.ActiveCfg = Release|Any CPU
		{962B277B-AD14-4A48-B6F7-9882DC29B80B}.Release|Any CPU.Build.0 = Release|Any CPU
	EndGlobalSection
	GlobalSection(SolutionProperties) = preSolution
		HideSolutionNode = FALSE
	EndGlobalSection
	GlobalSection(ExtensibilityGlobals) = postSolution
		SolutionGuid = {E0695A28-A2E3-4220-97C6-9F1AE797A0BE}
	EndGlobalSection
EndGlobal
